
Microsoft Visual Studio Solution File, Format Version 12.00
# Visual Studio Version 16
VisualStudioVersion = 16.0.30717.126
MinimumVisualStudioVersion = 10.0.40219.1
Project("{FAE04EC0-301F-11D3-BF4B-00C04F79EFBC}") = "adventOfCodeDay2", "adventOfCodeDay2\adventOfCodeDay2.csproj", "{4F0B5C8F-996F-4050-A38F-79B4A17668ED}"
EndProject
Global
	GlobalSection(SolutionConfigurationPlatforms) = preSolution
		Debug|Any CPU = Debug|Any CPU
		Release|Any CPU = Release|Any CPU
	EndGlobalSection
	GlobalSection(ProjectConfigurationPlatforms) = postSolution
		{4F0B5C8F-996F-4050-A38F-79B4A17668ED}.Debug|Any CPU.ActiveCfg = Debug|Any CPU
		{4F0B5C8F-996F-4050-A38F-79B4A17668ED}.Debug|Any CPU.Build.0 = Debug|Any CPU
		{4F0B5C8F-996F-4050-A38F-79B4A17668ED}.Release|Any CPU.ActiveCfg = Release|Any CPU
		{4F0B5C8F-996F-4050-A38F-79B4A17668ED}.Release|Any CPU.Build.0 = Release|Any CPU
	EndGlobalSection
	GlobalSection(SolutionProperties) = preSolution
		HideSolutionNode = FALSE
	EndGlobalSection
	GlobalSection(ExtensibilityGlobals) = postSolution
		SolutionGuid = {1E7EADB5-1DA0-4A0E-B926-40AB7C22F20F}
	EndGlobalSection
EndGlobal
